
Microsoft Visual Studio Solution File, Format Version 12.00
# Visual Studio Version 17
VisualStudioVersion = 17.2.32526.322
MinimumVisualStudioVersion = 10.0.40219.1
Project("{FAE04EC0-301F-11D3-BF4B-00C04F79EFBC}") = "CreaterApp", "Rsteam\CreaterApp.csproj", "{AA53E71C-74A1-4D0C-9767-D36E20060A7D}"
EndProject
Project("{FAE04EC0-301F-11D3-BF4B-00C04F79EFBC}") = "Vizard", "Vizard\Vizard.csproj", "{C1A6AB24-66F2-4882-AFE9-8429449CB479}"
EndProject
Global
	GlobalSection(SolutionConfigurationPlatforms) = preSolution
		Debug|Any CPU = Debug|Any CPU
		Release|Any CPU = Release|Any CPU
	EndGlobalSection
	GlobalSection(ProjectConfigurationPlatforms) = postSolution
		{AA53E71C-74A1-4D0C-9767-D36E20060A7D}.Debug|Any CPU.ActiveCfg = Debug|Any CPU
		{AA53E71C-74A1-4D0C-9767-D36E20060A7D}.Debug|Any CPU.Build.0 = Debug|Any CPU
		{AA53E71C-74A1-4D0C-9767-D36E20060A7D}.Release|Any CPU.ActiveCfg = Release|Any CPU
		{AA53E71C-74A1-4D0C-9767-D36E20060A7D}.Release|Any CPU.Build.0 = Release|Any CPU
		{C1A6AB24-66F2-4882-AFE9-8429449CB479}.Debug|Any CPU.ActiveCfg = Debug|Any CPU
		{C1A6AB24-66F2-4882-AFE9-8429449CB479}.Debug|Any CPU.Build.0 = Debug|Any CPU
		{C1A6AB24-66F2-4882-AFE9-8429449CB479}.Release|Any CPU.ActiveCfg = Release|Any CPU
		{C1A6AB24-66F2-4882-AFE9-8429449CB479}.Release|Any CPU.Build.0 = Release|Any CPU
	EndGlobalSection
	GlobalSection(SolutionProperties) = preSolution
		HideSolutionNode = FALSE
	EndGlobalSection
	GlobalSection(ExtensibilityGlobals) = postSolution
		SolutionGuid = {FA848DA2-096F-49FC-A6D2-BBFFA1D3E691}
	EndGlobalSection
EndGlobal
